
Microsoft Visual Studio Solution File, Format Version 12.00
# Visual Studio Version 16
VisualStudioVersion = 16.0.31515.178
MinimumVisualStudioVersion = 10.0.40219.1
Project("{FAE04EC0-301F-11D3-BF4B-00C04F79EFBC}") = "DailyReport", "DailyReport.csproj", "{05AB563D-43F7-4339-97F4-ACD4A3DD8A4E}"
EndProject
Global
	GlobalSection(SolutionConfigurationPlatforms) = preSolution
		Debug|Any CPU = Debug|Any CPU
		Release|Any CPU = Release|Any CPU
	EndGlobalSection
	GlobalSection(ProjectConfigurationPlatforms) = postSolution
		{05AB563D-43F7-4339-97F4-ACD4A3DD8A4E}.Debug|Any CPU.ActiveCfg = Debug|Any CPU
		{05AB563D-43F7-4339-97F4-ACD4A3DD8A4E}.Debug|Any CPU.Build.0 = Debug|Any CPU
		{05AB563D-43F7-4339-97F4-ACD4A3DD8A4E}.Release|Any CPU.ActiveCfg = Release|Any CPU
		{05AB563D-43F7-4339-97F4-ACD4A3DD8A4E}.Release|Any CPU.Build.0 = Release|Any CPU
	EndGlobalSection
	GlobalSection(SolutionProperties) = preSolution
		HideSolutionNode = FALSE
	EndGlobalSection
	GlobalSection(ExtensibilityGlobals) = postSolution
		SolutionGuid = {57489B13-40BE-4FF1-A012-9778FD721C4F}
	EndGlobalSection
EndGlobal
