
Microsoft Visual Studio Solution File, Format Version 12.00
# Visual Studio Version 16
VisualStudioVersion = 16.0.31515.178
MinimumVisualStudioVersion = 10.0.40219.1
Project("{FAE04EC0-301F-11D3-BF4B-00C04F79EFBC}") = "CarInsuranceApproval", "CarInsuranceApproval.csproj", "{94875CA5-23E1-4DCE-96BB-10EF7007313E}"
EndProject
Global
	GlobalSection(SolutionConfigurationPlatforms) = preSolution
		Debug|Any CPU = Debug|Any CPU
		Release|Any CPU = Release|Any CPU
	EndGlobalSection
	GlobalSection(ProjectConfigurationPlatforms) = postSolution
		{94875CA5-23E1-4DCE-96BB-10EF7007313E}.Debug|Any CPU.ActiveCfg = Debug|Any CPU
		{94875CA5-23E1-4DCE-96BB-10EF7007313E}.Debug|Any CPU.Build.0 = Debug|Any CPU
		{94875CA5-23E1-4DCE-96BB-10EF7007313E}.Release|Any CPU.ActiveCfg = Release|Any CPU
		{94875CA5-23E1-4DCE-96BB-10EF7007313E}.Release|Any CPU.Build.0 = Release|Any CPU
	EndGlobalSection
	GlobalSection(SolutionProperties) = preSolution
		HideSolutionNode = FALSE
	EndGlobalSection
	GlobalSection(ExtensibilityGlobals) = postSolution
		SolutionGuid = {C7892406-C44E-4390-B473-AEC301FDA169}
	EndGlobalSection
EndGlobal
